{
  "requires": true,
  "lockfileVersion": 1,
  "dependencies": {
    "gitbook-plugin-insert-logo-link-style": {
      "version": "1.0.3",
      "resolved": "https://registry.npmjs.org/gitbook-plugin-insert-logo-link-style/-/gitbook-plugin-insert-logo-link-style-1.0.3.tgz",
      "integrity": "sha512-pF8wzQBGFRvGq1ZCMZqCo8RtTzySZNto2k+T5huyLpCcSZuNFJQ0XocSmp9FudOnLnLbWknSOu5sDye3/XMzeg=="
    }
  }
}
